
Microsoft Visual Studio Solution File, Format Version 12.00
# Visual Studio Version 16
VisualStudioVersion = 16.0.30114.105
MinimumVisualStudioVersion = 10.0.40219.1
Project("{9A19103F-16F7-4668-BE54-9A1E7A4F7556}") = "RayCarrot.Logging", "RayCarrot.Logging\RayCarrot.Logging.csproj", "{2C69A09E-E0F3-49E5-81BD-1CD37942EA89}"
EndProject
Global
	GlobalSection(SolutionConfigurationPlatforms) = preSolution
		Debug|Any CPU = Debug|Any CPU
		Release|Any CPU = Release|Any CPU
	EndGlobalSection
	GlobalSection(ProjectConfigurationPlatforms) = postSolution
		{2C69A09E-E0F3-49E5-81BD-1CD37942EA89}.Debug|Any CPU.ActiveCfg = Debug|Any CPU
		{2C69A09E-E0F3-49E5-81BD-1CD37942EA89}.Debug|Any CPU.Build.0 = Debug|Any CPU
		{2C69A09E-E0F3-49E5-81BD-1CD37942EA89}.Release|Any CPU.ActiveCfg = Release|Any CPU
		{2C69A09E-E0F3-49E5-81BD-1CD37942EA89}.Release|Any CPU.Build.0 = Release|Any CPU
	EndGlobalSection
	GlobalSection(SolutionProperties) = preSolution
		HideSolutionNode = FALSE
	EndGlobalSection
	GlobalSection(ExtensibilityGlobals) = postSolution
		SolutionGuid = {054ECC06-8681-4D72-8D8C-F21CA00233C1}
	EndGlobalSection
EndGlobal
